# @generated by Move, please check-in and do not edit manually.

[move]
version = 2
manifest_digest = "1A07AAAF9F362989BAD17EDC81570A5E2097539485BEFE2DE1A629365D800E42"
deps_digest = "F8BBB0CCB2491CA29A3DF03D6F92277A4F3574266507ACD77214D37ECA3F3082"
dependencies = [
  { name = "Sui" },
]

[[move.package]]
name = "MoveStdlib"
source = { git = "https://github.com/MystenLabs/sui.git", rev = "framework/devnet", subdir = "crates/sui-framework/packages/move-stdlib" }

[[move.package]]
name = "Sui"
source = { git = "https://github.com/MystenLabs/sui.git", rev = "framework/devnet", subdir = "crates/sui-framework/packages/sui-framework" }

dependencies = [
  { name = "MoveStdlib" },
]

[move.toolchain-version]
compiler-version = "1.32.0"
edition = "2024.beta"
flavor = "sui"

[env]

[env.devnet]
chain-id = "167bafe9"
original-published-id = "0x3e3b5eda76616acde7ce32d33b30a9ebd515c61fb8e4a442fa578f91827b017c"
latest-published-id = "0x3e3b5eda76616acde7ce32d33b30a9ebd515c61fb8e4a442fa578f91827b017c"
published-version = "1"
